
Microsoft Visual Studio Solution File, Format Version 12.00
# Visual Studio Version 17
VisualStudioVersion = 17.2.32630.192
MinimumVisualStudioVersion = 10.0.40219.1
Project("{FAE04EC0-301F-11D3-BF4B-00C04F79EFBC}") = "PersonalERP_Server", "PersonalERP\PersonalERP_Server.csproj", "{AA031623-99B0-4B7A-A678-6AED82DFEBC3}"
EndProject
Project("{FAE04EC0-301F-11D3-BF4B-00C04F79EFBC}") = "PERP_Accounting", "PersonalERP_Accounting\PERP_Accounting.csproj", "{63459EE2-3C5E-426D-9E6C-EF73B58B0ADD}"
EndProject
Project("{FAE04EC0-301F-11D3-BF4B-00C04F79EFBC}") = "PERP_CommLibrary", "PERP_CommLibrary\PERP_CommLibrary.csproj", "{0A4F7209-7AF7-4159-A52F-65ACE4846BD2}"
EndProject
Project("{FAE04EC0-301F-11D3-BF4B-00C04F79EFBC}") = "PersonalERP_Client", "PersonalERP_Client\PersonalERP_Client.csproj", "{F2F3DFC0-39BA-418B-8ABB-D0FCEE3F4F73}"
EndProject
Project("{FAE04EC0-301F-11D3-BF4B-00C04F79EFBC}") = "PERP_API", "PERP_API\PERP_API.csproj", "{46E8F8B3-E6EE-48A8-AFBE-51289872444F}"
EndProject
Project("{FAE04EC0-301F-11D3-BF4B-00C04F79EFBC}") = "PERP_DatabaseBrowser", "PERP_DatabaseBrowser\PERP_DatabaseBrowser.csproj", "{F4C42076-3611-4956-B056-0CEC450AA8A8}"
EndProject
Global
	GlobalSection(SolutionConfigurationPlatforms) = preSolution
		Debug|Any CPU = Debug|Any CPU
		Debug|x64 = Debug|x64
		Release|Any CPU = Release|Any CPU
		Release|x64 = Release|x64
	EndGlobalSection
	GlobalSection(ProjectConfigurationPlatforms) = postSolution
		{AA031623-99B0-4B7A-A678-6AED82DFEBC3}.Debug|Any CPU.ActiveCfg = Debug|Any CPU
		{AA031623-99B0-4B7A-A678-6AED82DFEBC3}.Debug|Any CPU.Build.0 = Debug|Any CPU
		{AA031623-99B0-4B7A-A678-6AED82DFEBC3}.Debug|x64.ActiveCfg = Debug|Any CPU
		{AA031623-99B0-4B7A-A678-6AED82DFEBC3}.Debug|x64.Build.0 = Debug|Any CPU
		{AA031623-99B0-4B7A-A678-6AED82DFEBC3}.Release|Any CPU.ActiveCfg = Release|Any CPU
		{AA031623-99B0-4B7A-A678-6AED82DFEBC3}.Release|Any CPU.Build.0 = Release|Any CPU
		{AA031623-99B0-4B7A-A678-6AED82DFEBC3}.Release|x64.ActiveCfg = Release|Any CPU
		{AA031623-99B0-4B7A-A678-6AED82DFEBC3}.Release|x64.Build.0 = Release|Any CPU
		{63459EE2-3C5E-426D-9E6C-EF73B58B0ADD}.Debug|Any CPU.ActiveCfg = Debug|Any CPU
		{63459EE2-3C5E-426D-9E6C-EF73B58B0ADD}.Debug|Any CPU.Build.0 = Debug|Any CPU
		{63459EE2-3C5E-426D-9E6C-EF73B58B0ADD}.Debug|x64.ActiveCfg = Debug|Any CPU
		{63459EE2-3C5E-426D-9E6C-EF73B58B0ADD}.Debug|x64.Build.0 = Debug|Any CPU
		{63459EE2-3C5E-426D-9E6C-EF73B58B0ADD}.Release|Any CPU.ActiveCfg = Release|Any CPU
		{63459EE2-3C5E-426D-9E6C-EF73B58B0ADD}.Release|Any CPU.Build.0 = Release|Any CPU
		{63459EE2-3C5E-426D-9E6C-EF73B58B0ADD}.Release|x64.ActiveCfg = Release|x64
		{63459EE2-3C5E-426D-9E6C-EF73B58B0ADD}.Release|x64.Build.0 = Release|x64
		{0A4F7209-7AF7-4159-A52F-65ACE4846BD2}.Debug|Any CPU.ActiveCfg = Debug|Any CPU
		{0A4F7209-7AF7-4159-A52F-65ACE4846BD2}.Debug|Any CPU.Build.0 = Debug|Any CPU
		{0A4F7209-7AF7-4159-A52F-65ACE4846BD2}.Debug|x64.ActiveCfg = Debug|Any CPU
		{0A4F7209-7AF7-4159-A52F-65ACE4846BD2}.Debug|x64.Build.0 = Debug|Any CPU
		{0A4F7209-7AF7-4159-A52F-65ACE4846BD2}.Release|Any CPU.ActiveCfg = Release|Any CPU
		{0A4F7209-7AF7-4159-A52F-65ACE4846BD2}.Release|Any CPU.Build.0 = Release|Any CPU
		{0A4F7209-7AF7-4159-A52F-65ACE4846BD2}.Release|x64.ActiveCfg = Release|Any CPU
		{0A4F7209-7AF7-4159-A52F-65ACE4846BD2}.Release|x64.Build.0 = Release|Any CPU
		{F2F3DFC0-39BA-418B-8ABB-D0FCEE3F4F73}.Debug|Any CPU.ActiveCfg = Debug|Any CPU
		{F2F3DFC0-39BA-418B-8ABB-D0FCEE3F4F73}.Debug|Any CPU.Build.0 = Debug|Any CPU
		{F2F3DFC0-39BA-418B-8ABB-D0FCEE3F4F73}.Debug|x64.ActiveCfg = Debug|Any CPU
		{F2F3DFC0-39BA-418B-8ABB-D0FCEE3F4F73}.Debug|x64.Build.0 = Debug|Any CPU
		{F2F3DFC0-39BA-418B-8ABB-D0FCEE3F4F73}.Release|Any CPU.ActiveCfg = Release|Any CPU
		{F2F3DFC0-39BA-418B-8ABB-D0FCEE3F4F73}.Release|Any CPU.Build.0 = Release|Any CPU
		{F2F3DFC0-39BA-418B-8ABB-D0FCEE3F4F73}.Release|x64.ActiveCfg = Release|Any CPU
		{F2F3DFC0-39BA-418B-8ABB-D0FCEE3F4F73}.Release|x64.Build.0 = Release|Any CPU
		{46E8F8B3-E6EE-48A8-AFBE-51289872444F}.Debug|Any CPU.ActiveCfg = Debug|Any CPU
		{46E8F8B3-E6EE-48A8-AFBE-51289872444F}.Debug|Any CPU.Build.0 = Debug|Any CPU
		{46E8F8B3-E6EE-48A8-AFBE-51289872444F}.Debug|x64.ActiveCfg = Debug|Any CPU
		{46E8F8B3-E6EE-48A8-AFBE-51289872444F}.Debug|x64.Build.0 = Debug|Any CPU
		{46E8F8B3-E6EE-48A8-AFBE-51289872444F}.Release|Any CPU.ActiveCfg = Release|Any CPU
		{46E8F8B3-E6EE-48A8-AFBE-51289872444F}.Release|Any CPU.Build.0 = Release|Any CPU
		{46E8F8B3-E6EE-48A8-AFBE-51289872444F}.Release|x64.ActiveCfg = Release|Any CPU
		{46E8F8B3-E6EE-48A8-AFBE-51289872444F}.Release|x64.Build.0 = Release|Any CPU
		{F4C42076-3611-4956-B056-0CEC450AA8A8}.Debug|Any CPU.ActiveCfg = Debug|Any CPU
		{F4C42076-3611-4956-B056-0CEC450AA8A8}.Debug|Any CPU.Build.0 = Debug|Any CPU
		{F4C42076-3611-4956-B056-0CEC450AA8A8}.Debug|x64.ActiveCfg = Debug|Any CPU
		{F4C42076-3611-4956-B056-0CEC450AA8A8}.Debug|x64.Build.0 = Debug|Any CPU
		{F4C42076-3611-4956-B056-0CEC450AA8A8}.Release|Any CPU.ActiveCfg = Release|Any CPU
		{F4C42076-3611-4956-B056-0CEC450AA8A8}.Release|Any CPU.Build.0 = Release|Any CPU
		{F4C42076-3611-4956-B056-0CEC450AA8A8}.Release|x64.ActiveCfg = Release|Any CPU
		{F4C42076-3611-4956-B056-0CEC450AA8A8}.Release|x64.Build.0 = Release|Any CPU
	EndGlobalSection
	GlobalSection(SolutionProperties) = preSolution
		HideSolutionNode = FALSE
	EndGlobalSection
	GlobalSection(ExtensibilityGlobals) = postSolution
		SolutionGuid = {6B947121-28AC-4345-8328-B57292BDC485}
	EndGlobalSection
EndGlobal
